
Microsoft Visual Studio Solution File, Format Version 12.00
# Visual Studio Version 17
VisualStudioVersion = 17.7.34031.279
MinimumVisualStudioVersion = 10.0.40219.1
Project("{9A19103F-16F7-4668-BE54-9A1E7A4F7556}") = "AdventOfCode202316", "AdventOfCode202316\AdventOfCode202316.csproj", "{08A9E909-ADB5-4B58-BFD7-E62F259BFC3D}"
EndProject
Project("{9A19103F-16F7-4668-BE54-9A1E7A4F7556}") = "AdventOfCode202317", "AdventOfCode202317\AdventOfCode202317.csproj", "{E3065035-19B4-457C-85FF-A71BB580A992}"
EndProject
Project("{9A19103F-16F7-4668-BE54-9A1E7A4F7556}") = "AdventOfCode202301", "AdventOfCode202301\AdventOfCode202301.csproj", "{57D88CB7-3119-4BA5-814F-8F34F7A677A9}"
EndProject
Project("{9A19103F-16F7-4668-BE54-9A1E7A4F7556}") = "AdventOfCode202318", "AdventOfCode202318\AdventOfCode202318.csproj", "{62DF600E-A5F5-4348-8322-EBEA0A38F436}"
EndProject
Project("{9A19103F-16F7-4668-BE54-9A1E7A4F7556}") = "AdventOfCode202319", "AdventOfCode202319\AdventOfCode202319.csproj", "{1ABB855B-E2B0-4EC6-9083-F884F1144387}"
EndProject
Project("{9A19103F-16F7-4668-BE54-9A1E7A4F7556}") = "AdventOfCode202302", "AdventOfCode202302\AdventOfCode202302.csproj", "{5D5485CE-1272-4D1E-8322-A73575EA1C8E}"
EndProject
Project("{FAE04EC0-301F-11D3-BF4B-00C04F79EFBC}") = "AdventOfCode202309", "AdventOfCode202309\AdventOfCode202309.csproj", "{AB0AEE4B-27E9-4948-BD70-94CAE2C9C4E9}"
EndProject
Project("{FAE04EC0-301F-11D3-BF4B-00C04F79EFBC}") = "AdventOfCode202310", "AdventOfCode202310\AdventOfCode202310.csproj", "{3FD5E538-E03F-4BBB-A3B5-F708FE4A9272}"
EndProject
Global
	GlobalSection(SolutionConfigurationPlatforms) = preSolution
		Debug|Any CPU = Debug|Any CPU
		Release|Any CPU = Release|Any CPU
	EndGlobalSection
	GlobalSection(ProjectConfigurationPlatforms) = postSolution
		{08A9E909-ADB5-4B58-BFD7-E62F259BFC3D}.Debug|Any CPU.ActiveCfg = Debug|Any CPU
		{08A9E909-ADB5-4B58-BFD7-E62F259BFC3D}.Debug|Any CPU.Build.0 = Debug|Any CPU
		{08A9E909-ADB5-4B58-BFD7-E62F259BFC3D}.Release|Any CPU.ActiveCfg = Release|Any CPU
		{08A9E909-ADB5-4B58-BFD7-E62F259BFC3D}.Release|Any CPU.Build.0 = Release|Any CPU
		{E3065035-19B4-457C-85FF-A71BB580A992}.Debug|Any CPU.ActiveCfg = Debug|Any CPU
		{E3065035-19B4-457C-85FF-A71BB580A992}.Debug|Any CPU.Build.0 = Debug|Any CPU
		{E3065035-19B4-457C-85FF-A71BB580A992}.Release|Any CPU.ActiveCfg = Release|Any CPU
		{E3065035-19B4-457C-85FF-A71BB580A992}.Release|Any CPU.Build.0 = Release|Any CPU
		{57D88CB7-3119-4BA5-814F-8F34F7A677A9}.Debug|Any CPU.ActiveCfg = Debug|Any CPU
		{57D88CB7-3119-4BA5-814F-8F34F7A677A9}.Debug|Any CPU.Build.0 = Debug|Any CPU
		{57D88CB7-3119-4BA5-814F-8F34F7A677A9}.Release|Any CPU.ActiveCfg = Release|Any CPU
		{57D88CB7-3119-4BA5-814F-8F34F7A677A9}.Release|Any CPU.Build.0 = Release|Any CPU
		{62DF600E-A5F5-4348-8322-EBEA0A38F436}.Debug|Any CPU.ActiveCfg = Debug|Any CPU
		{62DF600E-A5F5-4348-8322-EBEA0A38F436}.Debug|Any CPU.Build.0 = Debug|Any CPU
		{62DF600E-A5F5-4348-8322-EBEA0A38F436}.Release|Any CPU.ActiveCfg = Release|Any CPU
		{62DF600E-A5F5-4348-8322-EBEA0A38F436}.Release|Any CPU.Build.0 = Release|Any CPU
		{1ABB855B-E2B0-4EC6-9083-F884F1144387}.Debug|Any CPU.ActiveCfg = Debug|Any CPU
		{1ABB855B-E2B0-4EC6-9083-F884F1144387}.Debug|Any CPU.Build.0 = Debug|Any CPU
		{1ABB855B-E2B0-4EC6-9083-F884F1144387}.Release|Any CPU.ActiveCfg = Release|Any CPU
		{1ABB855B-E2B0-4EC6-9083-F884F1144387}.Release|Any CPU.Build.0 = Release|Any CPU
		{5D5485CE-1272-4D1E-8322-A73575EA1C8E}.Debug|Any CPU.ActiveCfg = Debug|Any CPU
		{5D5485CE-1272-4D1E-8322-A73575EA1C8E}.Debug|Any CPU.Build.0 = Debug|Any CPU
		{5D5485CE-1272-4D1E-8322-A73575EA1C8E}.Release|Any CPU.ActiveCfg = Release|Any CPU
		{5D5485CE-1272-4D1E-8322-A73575EA1C8E}.Release|Any CPU.Build.0 = Release|Any CPU
		{AB0AEE4B-27E9-4948-BD70-94CAE2C9C4E9}.Debug|Any CPU.ActiveCfg = Debug|Any CPU
		{AB0AEE4B-27E9-4948-BD70-94CAE2C9C4E9}.Debug|Any CPU.Build.0 = Debug|Any CPU
		{AB0AEE4B-27E9-4948-BD70-94CAE2C9C4E9}.Release|Any CPU.ActiveCfg = Release|Any CPU
		{AB0AEE4B-27E9-4948-BD70-94CAE2C9C4E9}.Release|Any CPU.Build.0 = Release|Any CPU
		{3FD5E538-E03F-4BBB-A3B5-F708FE4A9272}.Debug|Any CPU.ActiveCfg = Debug|Any CPU
		{3FD5E538-E03F-4BBB-A3B5-F708FE4A9272}.Debug|Any CPU.Build.0 = Debug|Any CPU
		{3FD5E538-E03F-4BBB-A3B5-F708FE4A9272}.Release|Any CPU.ActiveCfg = Release|Any CPU
		{3FD5E538-E03F-4BBB-A3B5-F708FE4A9272}.Release|Any CPU.Build.0 = Release|Any CPU
	EndGlobalSection
	GlobalSection(SolutionProperties) = preSolution
		HideSolutionNode = FALSE
	EndGlobalSection
	GlobalSection(ExtensibilityGlobals) = postSolution
		SolutionGuid = {BF046AF0-EAC1-48AF-A4E2-4F0FE81C640C}
	EndGlobalSection
EndGlobal
